
Microsoft Visual Studio Solution File, Format Version 12.00
# Visual Studio 15
VisualStudioVersion = 15.0.28307.438
MinimumVisualStudioVersion = 10.0.40219.1
Project("{FAE04EC0-301F-11D3-BF4B-00C04F79EFBC}") = "MSConference.Domain", "MSConference.Domain\MSConference.Domain.csproj", "{AC07B451-7785-433F-A6C4-A93EE5544779}"
EndProject
Project("{FAE04EC0-301F-11D3-BF4B-00C04F79EFBC}") = "MSConference.WebUI", "MSConference.WebUI\MSConference.WebUI.csproj", "{924AA0E3-DE53-48F6-B2BD-687E3CC1FDA3}"
EndProject
Global
	GlobalSection(SolutionConfigurationPlatforms) = preSolution
		Debug|Any CPU = Debug|Any CPU
		Release|Any CPU = Release|Any CPU
	EndGlobalSection
	GlobalSection(ProjectConfigurationPlatforms) = postSolution
		{AC07B451-7785-433F-A6C4-A93EE5544779}.Debug|Any CPU.ActiveCfg = Debug|Any CPU
		{AC07B451-7785-433F-A6C4-A93EE5544779}.Debug|Any CPU.Build.0 = Debug|Any CPU
		{AC07B451-7785-433F-A6C4-A93EE5544779}.Release|Any CPU.ActiveCfg = Release|Any CPU
		{AC07B451-7785-433F-A6C4-A93EE5544779}.Release|Any CPU.Build.0 = Release|Any CPU
		{924AA0E3-DE53-48F6-B2BD-687E3CC1FDA3}.Debug|Any CPU.ActiveCfg = Debug|Any CPU
		{924AA0E3-DE53-48F6-B2BD-687E3CC1FDA3}.Debug|Any CPU.Build.0 = Debug|Any CPU
		{924AA0E3-DE53-48F6-B2BD-687E3CC1FDA3}.Release|Any CPU.ActiveCfg = Release|Any CPU
		{924AA0E3-DE53-48F6-B2BD-687E3CC1FDA3}.Release|Any CPU.Build.0 = Release|Any CPU
	EndGlobalSection
	GlobalSection(SolutionProperties) = preSolution
		HideSolutionNode = FALSE
	EndGlobalSection
	GlobalSection(ExtensibilityGlobals) = postSolution
		SolutionGuid = {D0E4D456-B3FF-4F10-AFBA-82D729EEBE91}
	EndGlobalSection
EndGlobal
